
Microsoft Visual Studio Solution File, Format Version 12.00
# Visual Studio Version 16
VisualStudioVersion = 16.0.30804.86
MinimumVisualStudioVersion = 10.0.40219.1
Project("{9A19103F-16F7-4668-BE54-9A1E7A4F7556}") = "Wood_Stocks_Test_File", "Wood_Stocks_Test_File\Wood_Stocks_Test_File.csproj", "{ED967717-A92F-414D-8863-28780DE14A95}"
EndProject
Project("{FAE04EC0-301F-11D3-BF4B-00C04F79EFBC}") = "Wood_Stocks_Application", "Wood Stocks App\Wood_Stocks_Application.csproj", "{6A2AFCC7-B3C6-452E-9640-D919792345B0}"
EndProject
Global
	GlobalSection(SolutionConfigurationPlatforms) = preSolution
		Debug|Any CPU = Debug|Any CPU
		Release|Any CPU = Release|Any CPU
	EndGlobalSection
	GlobalSection(ProjectConfigurationPlatforms) = postSolution
		{ED967717-A92F-414D-8863-28780DE14A95}.Debug|Any CPU.ActiveCfg = Debug|Any CPU
		{ED967717-A92F-414D-8863-28780DE14A95}.Debug|Any CPU.Build.0 = Debug|Any CPU
		{ED967717-A92F-414D-8863-28780DE14A95}.Release|Any CPU.ActiveCfg = Release|Any CPU
		{ED967717-A92F-414D-8863-28780DE14A95}.Release|Any CPU.Build.0 = Release|Any CPU
		{6A2AFCC7-B3C6-452E-9640-D919792345B0}.Debug|Any CPU.ActiveCfg = Debug|Any CPU
		{6A2AFCC7-B3C6-452E-9640-D919792345B0}.Debug|Any CPU.Build.0 = Debug|Any CPU
		{6A2AFCC7-B3C6-452E-9640-D919792345B0}.Release|Any CPU.ActiveCfg = Release|Any CPU
		{6A2AFCC7-B3C6-452E-9640-D919792345B0}.Release|Any CPU.Build.0 = Release|Any CPU
	EndGlobalSection
	GlobalSection(SolutionProperties) = preSolution
		HideSolutionNode = FALSE
	EndGlobalSection
	GlobalSection(ExtensibilityGlobals) = postSolution
		SolutionGuid = {B880C488-40EC-4172-9BD9-ADAF3C294564}
	EndGlobalSection
EndGlobal
